
Microsoft Visual Studio Solution File, Format Version 12.00
# Visual Studio Version 16
VisualStudioVersion = 16.0.31105.61
MinimumVisualStudioVersion = 10.0.40219.1
Project("{FAE04EC0-301F-11D3-BF4B-00C04F79EFBC}") = "AlifLesson18HW18.03", "AlifLesson18HW18.03\AlifLesson18HW18.03.csproj", "{D4401013-9909-44EA-8205-7D0E80B4475E}"
EndProject
Global
	GlobalSection(SolutionConfigurationPlatforms) = preSolution
		Debug|Any CPU = Debug|Any CPU
		Release|Any CPU = Release|Any CPU
	EndGlobalSection
	GlobalSection(ProjectConfigurationPlatforms) = postSolution
		{D4401013-9909-44EA-8205-7D0E80B4475E}.Debug|Any CPU.ActiveCfg = Debug|Any CPU
		{D4401013-9909-44EA-8205-7D0E80B4475E}.Debug|Any CPU.Build.0 = Debug|Any CPU
		{D4401013-9909-44EA-8205-7D0E80B4475E}.Release|Any CPU.ActiveCfg = Release|Any CPU
		{D4401013-9909-44EA-8205-7D0E80B4475E}.Release|Any CPU.Build.0 = Release|Any CPU
	EndGlobalSection
	GlobalSection(SolutionProperties) = preSolution
		HideSolutionNode = FALSE
	EndGlobalSection
	GlobalSection(ExtensibilityGlobals) = postSolution
		SolutionGuid = {13560157-34ED-4250-8047-FA618FBB7914}
	EndGlobalSection
EndGlobal
